// !$*UTF8*$!
{
	archiveVersion = 1;
	classes = {
	};
	objectVersion = 46;
	objects = {

/* Begin PBXBuildFile section */
		6F8D89610FD719A7E2110B1E /* libPods-ProlificBooks.a in Frameworks */ = {isa = PBXBuildFile; fileRef = 83D573E16350F54B42F24196 /* libPods-ProlificBooks.a */; };
		B05D1E411A405E230064DC57 /* main.m in Sources */ = {isa = PBXBuildFile; fileRef = B05D1E401A405E230064DC57 /* main.m */; };
		B05D1E441A405E230064DC57 /* AppDelegate.m in Sources */ = {isa = PBXBuildFile; fileRef = B05D1E431A405E230064DC57 /* AppDelegate.m */; };
		B05D1E471A405E230064DC57 /* BookListViewController.m in Sources */ = {isa = PBXBuildFile; fileRef = B05D1E461A405E230064DC57 /* BookListViewController.m */; };
		B05D1E4A1A405E230064DC57 /* Main.storyboard in Resources */ = {isa = PBXBuildFile; fileRef = B05D1E481A405E230064DC57 /* Main.storyboard */; };
		B05D1E4C1A405E230064DC57 /* Images.xcassets in Resources */ = {isa = PBXBuildFile; fileRef = B05D1E4B1A405E230064DC57 /* Images.xcassets */; };
		B05D1E4F1A405E230064DC57 /* LaunchScreen.xib in Resources */ = {isa = PBXBuildFile; fileRef = B05D1E4D1A405E230064DC57 /* LaunchScreen.xib */; };
		B05D1E5B1A405E230064DC57 /* ProlificBooksTests.m in Sources */ = {isa = PBXBuildFile; fileRef = B05D1E5A1A405E230064DC57 /* ProlificBooksTests.m */; };
		B05D1E671A405E7C0064DC57 /* BookNetworking.m in Sources */ = {isa = PBXBuildFile; fileRef = B05D1E661A405E7C0064DC57 /* BookNetworking.m */; };
		B05D1E6B1A4064060064DC57 /* Book.m in Sources */ = {isa = PBXBuildFile; fileRef = B05D1E6A1A4064060064DC57 /* Book.m */; };
		B05D1E701A4067B40064DC57 /* BookTableViewCell.m in Sources */ = {isa = PBXBuildFile; fileRef = B05D1E6F1A4067B40064DC57 /* BookTableViewCell.m */; };
		B05D1E731A4068670064DC57 /* AddBookViewController.m in Sources */ = {isa = PBXBuildFile; fileRef = B05D1E721A4068670064DC57 /* AddBookViewController.m */; };
		B05D1E761A4068790064DC57 /* EditBookViewController.m in Sources */ = {isa = PBXBuildFile; fileRef = B05D1E751A4068790064DC57 /* EditBookViewController.m */; };
		B05D1E7B1A40C7CE0064DC57 /* hotels.json in Resources */ = {isa = PBXBuildFile; fileRef = B05D1E7A1A40C7CE0064DC57 /* hotels.json */; };
/* End PBXBuildFile section */

/* Begin PBXContainerItemProxy section */
		B05D1E551A405E230064DC57 /* PBXContainerItemProxy */ = {
			isa = PBXContainerItemProxy;
			containerPortal = B05D1E331A405E230064DC57 /* Project object */;
			proxyType = 1;
			remoteGlobalIDString = B05D1E3A1A405E230064DC57;
			remoteInfo = ProlificBooks;
		};
/* End PBXContainerItemProxy section */

/* Begin PBXFileReference section */
		455AAB89EA7F35291810C96B /* Pods-ProlificBooks.debug.xcconfig */ = {isa = PBXFileReference; includeInIndex = 1; lastKnownFileType = text.xcconfig; name = "Pods-ProlificBooks.debug.xcconfig"; path = "Pods/Target Support Files/Pods-ProlificBooks/Pods-ProlificBooks.debug.xcconfig"; sourceTree = "<group>"; };
		6347477860D207E291D18FCB /* Pods-ProlificBooks.release.xcconfig */ = {isa = PBXFileReference; includeInIndex = 1; lastKnownFileType = text.xcconfig; name = "Pods-ProlificBooks.release.xcconfig"; path = "Pods/Target Support Files/Pods-ProlificBooks/Pods-ProlificBooks.release.xcconfig"; sourceTree = "<group>"; };
		83D573E16350F54B42F24196 /* libPods-ProlificBooks.a */ = {isa = PBXFileReference; explicitFileType = archive.ar; includeInIndex = 0; path = "libPods-ProlificBooks.a"; sourceTree = BUILT_PRODUCTS_DIR; };
		B05D1E3B1A405E230064DC57 /* ProlificBooks.app */ = {isa = PBXFileReference; explicitFileType = wrapper.application; includeInIndex = 0; path = ProlificBooks.app; sourceTree = BUILT_PRODUCTS_DIR; };
		B05D1E3F1A405E230064DC57 /* Info.plist */ = {isa = PBXFileReference; lastKnownFileType = text.plist.xml; path = Info.plist; sourceTree = "<group>"; };
		B05D1E401A405E230064DC57 /* main.m */ = {isa = PBXFileReference; lastKnownFileType = sourcecode.c.objc; path = main.m; sourceTree = "<group>"; };
		B05D1E421A405E230064DC57 /* AppDelegate.h */ = {isa = PBXFileReference; lastKnownFileType = sourcecode.c.h; path = AppDelegate.h; sourceTree = "<group>"; };
		B05D1E431A405E230064DC57 /* AppDelegate.m */ = {isa = PBXFileReference; lastKnownFileType = sourcecode.c.objc; path = AppDelegate.m; sourceTree = "<group>"; };
		B05D1E451A405E230064DC57 /* BookListViewController.h */ = {isa = PBXFileReference; lastKnownFileType = sourcecode.c.h; path = BookListViewController.h; sourceTree = "<group>"; };
		B05D1E461A405E230064DC57 /* BookListViewController.m */ = {isa = PBXFileReference; lastKnownFileType = sourcecode.c.objc; path = BookListViewController.m; sourceTree = "<group>"; };
		B05D1E491A405E230064DC57 /* Base */ = {isa = PBXFileReference; lastKnownFileType = file.storyboard; name = Base; path = Base.lproj/Main.storyboard; sourceTree = "<group>"; };
		B05D1E4B1A405E230064DC57 /* Images.xcassets */ = {isa = PBXFileReference; lastKnownFileType = folder.assetcatalog; path = Images.xcassets; sourceTree = "<group>"; };
		B05D1E4E1A405E230064DC57 /* Base */ = {isa = PBXFileReference; lastKnownFileType = file.xib; name = Base; path = Base.lproj/LaunchScreen.xib; sourceTree = "<group>"; };
		B05D1E541A405E230064DC57 /* ProlificBooksTests.xctest */ = {isa = PBXFileReference; explicitFileType = wrapper.cfbundle; includeInIndex = 0; path = ProlificBooksTests.xctest; sourceTree = BUILT_PRODUCTS_DIR; };
		B05D1E591A405E230064DC57 /* Info.plist */ = {isa = PBXFileReference; lastKnownFileType = text.plist.xml; path = Info.plist; sourceTree = "<group>"; };
		B05D1E5A1A405E230064DC57 /* ProlificBooksTests.m */ = {isa = PBXFileReference; lastKnownFileType = sourcecode.c.objc; path = ProlificBooksTests.m; sourceTree = "<group>"; };
		B05D1E651A405E7C0064DC57 /* BookNetworking.h */ = {isa = PBXFileReference; fileEncoding = 4; lastKnownFileType = sourcecode.c.h; path = BookNetworking.h; sourceTree = "<group>"; };
		B05D1E661A405E7C0064DC57 /* BookNetworking.m */ = {isa = PBXFileReference; fileEncoding = 4; lastKnownFileType = sourcecode.c.objc; path = BookNetworking.m; sourceTree = "<group>"; };
		B05D1E691A4064060064DC57 /* Book.h */ = {isa = PBXFileReference; fileEncoding = 4; lastKnownFileType = sourcecode.c.h; path = Book.h; sourceTree = "<group>"; };
		B05D1E6A1A4064060064DC57 /* Book.m */ = {isa = PBXFileReference; fileEncoding = 4; lastKnownFileType = sourcecode.c.objc; path = Book.m; sourceTree = "<group>"; };
		B05D1E6E1A4067B40064DC57 /* BookTableViewCell.h */ = {isa = PBXFileReference; fileEncoding = 4; lastKnownFileType = sourcecode.c.h; path = BookTableViewCell.h; sourceTree = "<group>"; };
		B05D1E6F1A4067B40064DC57 /* BookTableViewCell.m */ = {isa = PBXFileReference; fileEncoding = 4; lastKnownFileType = sourcecode.c.objc; path = BookTableViewCell.m; sourceTree = "<group>"; };
		B05D1E711A4068670064DC57 /* AddBookViewController.h */ = {isa = PBXFileReference; fileEncoding = 4; lastKnownFileType = sourcecode.c.h; path = AddBookViewController.h; sourceTree = "<group>"; };
		B05D1E721A4068670064DC57 /* AddBookViewController.m */ = {isa = PBXFileReference; fileEncoding = 4; lastKnownFileType = sourcecode.c.objc; path = AddBookViewController.m; sourceTree = "<group>"; };
		B05D1E741A4068790064DC57 /* EditBookViewController.h */ = {isa = PBXFileReference; fileEncoding = 4; lastKnownFileType = sourcecode.c.h; path = EditBookViewController.h; sourceTree = "<group>"; };
		B05D1E751A4068790064DC57 /* EditBookViewController.m */ = {isa = PBXFileReference; fileEncoding = 4; lastKnownFileType = sourcecode.c.objc; path = EditBookViewController.m; sourceTree = "<group>"; };
		B05D1E791A4069CB0064DC57 /* BookDatasource.h */ = {isa = PBXFileReference; fileEncoding = 4; lastKnownFileType = sourcecode.c.h; path = BookDatasource.h; sourceTree = "<group>"; };
		B05D1E7A1A40C7CE0064DC57 /* hotels.json */ = {isa = PBXFileReference; fileEncoding = 4; lastKnownFileType = text.json; path = hotels.json; sourceTree = "<group>"; };
/* End PBXFileReference section */

/* Begin PBXFrameworksBuildPhase section */
		B05D1E381A405E230064DC57 /* Frameworks */ = {
			isa = PBXFrameworksBuildPhase;
			buildActionMask = 2147483647;
			files = (
				6F8D89610FD719A7E2110B1E /* libPods-ProlificBooks.a in Frameworks */,
			);
			runOnlyForDeploymentPostprocessing = 0;
		};
		B05D1E511A405E230064DC57 /* Frameworks */ = {
			isa = PBXFrameworksBuildPhase;
			buildActionMask = 2147483647;
			files = (
			);
			runOnlyForDeploymentPostprocessing = 0;
		};
/* End PBXFrameworksBuildPhase section */

/* Begin PBXGroup section */
		B05D1E321A405E230064DC57 = {
			isa = PBXGroup;
			children = (
				B05D1E3D1A405E230064DC57 /* ProlificBooks */,
				B05D1E571A405E230064DC57 /* ProlificBooksTests */,
				B05D1E3C1A405E230064DC57 /* Products */,
				C2973EB2B08E23F15681197B /* Pods */,
				EF207EE442916AFFDB34F224 /* Frameworks */,
			);
			sourceTree = "<group>";
		};
		B05D1E3C1A405E230064DC57 /* Products */ = {
			isa = PBXGroup;
			children = (
				B05D1E3B1A405E230064DC57 /* ProlificBooks.app */,
				B05D1E541A405E230064DC57 /* ProlificBooksTests.xctest */,
			);
			name = Products;
			sourceTree = "<group>";
		};
		B05D1E3D1A405E230064DC57 /* ProlificBooks */ = {
			isa = PBXGroup;
			children = (
				B05D1E421A405E230064DC57 /* AppDelegate.h */,
				B05D1E431A405E230064DC57 /* AppDelegate.m */,
				B05D1E481A405E230064DC57 /* Main.storyboard */,
				B05D1E641A405E520064DC57 /* Networking */,
				B05D1E6C1A4066510064DC57 /* Controllers */,
				B05D1E681A4063ED0064DC57 /* Model */,
				B05D1E6D1A40676F0064DC57 /* Views */,
				B05D1E4B1A405E230064DC57 /* Images.xcassets */,
				B05D1E4D1A405E230064DC57 /* LaunchScreen.xib */,
				B05D1E3E1A405E230064DC57 /* Supporting Files */,
			);
			path = ProlificBooks;
			sourceTree = "<group>";
		};
		B05D1E3E1A405E230064DC57 /* Supporting Files */ = {
			isa = PBXGroup;
			children = (
				B05D1E7A1A40C7CE0064DC57 /* hotels.json */,
				B05D1E3F1A405E230064DC57 /* Info.plist */,
				B05D1E401A405E230064DC57 /* main.m */,
			);
			name = "Supporting Files";
			sourceTree = "<group>";
		};
		B05D1E571A405E230064DC57 /* ProlificBooksTests */ = {
			isa = PBXGroup;
			children = (
				B05D1E5A1A405E230064DC57 /* ProlificBooksTests.m */,
				B05D1E581A405E230064DC57 /* Supporting Files */,
			);
			path = ProlificBooksTests;
			sourceTree = "<group>";
		};
		B05D1E581A405E230064DC57 /* Supporting Files */ = {
			isa = PBXGroup;
			children = (
				B05D1E591A405E230064DC57 /* Info.plist */,
			);
			name = "Supporting Files";
			sourceTree = "<group>";
		};
		B05D1E641A405E520064DC57 /* Networking */ = {
			isa = PBXGroup;
			children = (
				B05D1E651A405E7C0064DC57 /* BookNetworking.h */,
				B05D1E661A405E7C0064DC57 /* BookNetworking.m */,
			);
			name = Networking;
			sourceTree = "<group>";
		};
		B05D1E681A4063ED0064DC57 /* Model */ = {
			isa = PBXGroup;
			children = (
				B05D1E691A4064060064DC57 /* Book.h */,
				B05D1E6A1A4064060064DC57 /* Book.m */,
			);
			name = Model;
			sourceTree = "<group>";
		};
		B05D1E6C1A4066510064DC57 /* Controllers */ = {
			isa = PBXGroup;
			children = (
				B05D1E451A405E230064DC57 /* BookListViewController.h */,
				B05D1E461A405E230064DC57 /* BookListViewController.m */,
				B05D1E711A4068670064DC57 /* AddBookViewController.h */,
				B05D1E721A4068670064DC57 /* AddBookViewController.m */,
				B05D1E741A4068790064DC57 /* EditBookViewController.h */,
				B05D1E751A4068790064DC57 /* EditBookViewController.m */,
				B05D1E791A4069CB0064DC57 /* BookDatasource.h */,
			);
			name = Controllers;
			sourceTree = "<group>";
		};
		B05D1E6D1A40676F0064DC57 /* Views */ = {
			isa = PBXGroup;
			children = (
				B05D1E6E1A4067B40064DC57 /* BookTableViewCell.h */,
				B05D1E6F1A4067B40064DC57 /* BookTableViewCell.m */,
			);
			name = Views;
			sourceTree = "<group>";
		};
		C2973EB2B08E23F15681197B /* Pods */ = {
			isa = PBXGroup;
			children = (
				455AAB89EA7F35291810C96B /* Pods-ProlificBooks.debug.xcconfig */,
				6347477860D207E291D18FCB /* Pods-ProlificBooks.release.xcconfig */,
			);
			name = Pods;
			sourceTree = "<group>";
		};
		EF207EE442916AFFDB34F224 /* Frameworks */ = {
			isa = PBXGroup;
			children = (
				83D573E16350F54B42F24196 /* libPods-ProlificBooks.a */,
			);
			name = Frameworks;
			sourceTree = "<group>";
		};
/* End PBXGroup section */

/* Begin PBXNativeTarget section */
		B05D1E3A1A405E230064DC57 /* ProlificBooks */ = {
			isa = PBXNativeTarget;
			buildConfigurationList = B05D1E5E1A405E230064DC57 /* Build configuration list for PBXNativeTarget "ProlificBooks" */;
			buildPhases = (
				B1BA964B72C96003C0CC173B /* Check Pods Manifest.lock */,
				B05D1E371A405E230064DC57 /* Sources */,
				B05D1E381A405E230064DC57 /* Frameworks */,
				B05D1E391A405E230064DC57 /* Resources */,
				5082F78A55D81919E549A82F /* Copy Pods Resources */,
			);
			buildRules = (
			);
			dependencies = (
			);
			name = ProlificBooks;
			productName = ProlificBooks;
			productReference = B05D1E3B1A405E230064DC57 /* ProlificBooks.app */;
			productType = "com.apple.product-type.application";
		};
		B05D1E531A405E230064DC57 /* ProlificBooksTests */ = {
			isa = PBXNativeTarget;
			buildConfigurationList = B05D1E611A405E230064DC57 /* Build configuration list for PBXNativeTarget "ProlificBooksTests" */;
			buildPhases = (
				B05D1E501A405E230064DC57 /* Sources */,
				B05D1E511A405E230064DC57 /* Frameworks */,
				B05D1E521A405E230064DC57 /* Resources */,
			);
			buildRules = (
			);
			dependencies = (
				B05D1E561A405E230064DC57 /* PBXTargetDependency */,
			);
			name = ProlificBooksTests;
			productName = ProlificBooksTests;
			productReference = B05D1E541A405E230064DC57 /* ProlificBooksTests.xctest */;
			productType = "com.apple.product-type.bundle.unit-test";
		};
/* End PBXNativeTarget section */

/* Begin PBXProject section */
		B05D1E331A405E230064DC57 /* Project object */ = {
			isa = PBXProject;
			attributes = {
				LastUpgradeCheck = 0610;
				ORGANIZATIONNAME = ProlificCodingChallenge;
				TargetAttributes = {
					B05D1E3A1A405E230064DC57 = {
						CreatedOnToolsVersion = 6.1.1;
					};
					B05D1E531A405E230064DC57 = {
						CreatedOnToolsVersion = 6.1.1;
						TestTargetID = B05D1E3A1A405E230064DC57;
					};
				};
			};
			buildConfigurationList = B05D1E361A405E230064DC57 /* Build configuration list for PBXProject "ProlificBooks" */;
			compatibilityVersion = "Xcode 3.2";
			developmentRegion = English;
			hasScannedForEncodings = 0;
			knownRegions = (
				en,
				Base,
			);
			mainGroup = B05D1E321A405E230064DC57;
			productRefGroup = B05D1E3C1A405E230064DC57 /* Products */;
			projectDirPath = "";
			projectRoot = "";
			targets = (
				B05D1E3A1A405E230064DC57 /* ProlificBooks */,
				B05D1E531A405E230064DC57 /* ProlificBooksTests */,
			);
		};
/* End PBXProject section */

/* Begin PBXResourcesBuildPhase section */
		B05D1E391A405E230064DC57 /* Resources */ = {
			isa = PBXResourcesBuildPhase;
			buildActionMask = 2147483647;
			files = (
				B05D1E4A1A405E230064DC57 /* Main.storyboard in Resources */,
				B05D1E4F1A405E230064DC57 /* LaunchScreen.xib in Resources */,
				B05D1E7B1A40C7CE0064DC57 /* hotels.json in Resources */,
				B05D1E4C1A405E230064DC57 /* Images.xcassets in Resources */,
			);
			runOnlyForDeploymentPostprocessing = 0;
		};
		B05D1E521A405E230064DC57 /* Resources */ = {
			isa = PBXResourcesBuildPhase;
			buildActionMask = 2147483647;
			files = (
			);
			runOnlyForDeploymentPostprocessing = 0;
		};
/* End PBXResourcesBuildPhase section */

/* Begin PBXShellScriptBuildPhase section */
		5082F78A55D81919E549A82F /* Copy Pods Resources */ = {
			isa = PBXShellScriptBuildPhase;
			buildActionMask = 2147483647;
			files = (
			);
			inputPaths = (
			);
			name = "Copy Pods Resources";
			outputPaths = (
			);
			runOnlyForDeploymentPostprocessing = 0;
			shellPath = /bin/sh;
			shellScript = "\"${SRCROOT}/Pods/Target Support Files/Pods-ProlificBooks/Pods-ProlificBooks-resources.sh\"\n";
			showEnvVarsInLog = 0;
		};
		B1BA964B72C96003C0CC173B /* Check Pods Manifest.lock */ = {
			isa = PBXShellScriptBuildPhase;
			buildActionMask = 2147483647;
			files = (
			);
			inputPaths = (
			);
			name = "Check Pods Manifest.lock";
			outputPaths = (
			);
			runOnlyForDeploymentPostprocessing = 0;
			shellPath = /bin/sh;
			shellScript = "diff \"${PODS_ROOT}/../Podfile.lock\" \"${PODS_ROOT}/Manifest.lock\" > /dev/null\nif [[ $? != 0 ]] ; then\n    cat << EOM\nerror: The sandbox is not in sync with the Podfile.lock. Run 'pod install' or update your CocoaPods installation.\nEOM\n    exit 1\nfi\n";
			showEnvVarsInLog = 0;
		};
/* End PBXShellScriptBuildPhase section */

/* Begin PBXSourcesBuildPhase section */
		B05D1E371A405E230064DC57 /* Sources */ = {
			isa = PBXSourcesBuildPhase;
			buildActionMask = 2147483647;
			files = (
				B05D1E6B1A4064060064DC57 /* Book.m in Sources */,
				B05D1E471A405E230064DC57 /* BookListViewController.m in Sources */,
				B05D1E441A405E230064DC57 /* AppDelegate.m in Sources */,
				B05D1E761A4068790064DC57 /* EditBookViewController.m in Sources */,
				B05D1E671A405E7C0064DC57 /* BookNetworking.m in Sources */,
				B05D1E701A4067B40064DC57 /* BookTableViewCell.m in Sources */,
				B05D1E731A4068670064DC57 /* AddBookViewController.m in Sources */,
				B05D1E411A405E230064DC57 /* main.m in Sources */,
			);
			runOnlyForDeploymentPostprocessing = 0;
		};
		B05D1E501A405E230064DC57 /* Sources */ = {
			isa = PBXSourcesBuildPhase;
			buildActionMask = 2147483647;
			files = (
				B05D1E5B1A405E230064DC57 /* ProlificBooksTests.m in Sources */,
			);
			runOnlyForDeploymentPostprocessing = 0;
		};
/* End PBXSourcesBuildPhase section */

/* Begin PBXTargetDependency section */
		B05D1E561A405E230064DC57 /* PBXTargetDependency */ = {
			isa = PBXTargetDependency;
			target = B05D1E3A1A405E230064DC57 /* ProlificBooks */;
			targetProxy = B05D1E551A405E230064DC57 /* PBXContainerItemProxy */;
		};
/* End PBXTargetDependency section */

/* Begin PBXVariantGroup section */
		B05D1E481A405E230064DC57 /* Main.storyboard */ = {
			isa = PBXVariantGroup;
			children = (
				B05D1E491A405E230064DC57 /* Base */,
			);
			name = Main.storyboard;
			sourceTree = "<group>";
		};
		B05D1E4D1A405E230064DC57 /* LaunchScreen.xib */ = {
			isa = PBXVariantGroup;
			children = (
				B05D1E4E1A405E230064DC57 /* Base */,
			);
			name = LaunchScreen.xib;
			sourceTree = "<group>";
		};
/* End PBXVariantGroup section */

/* Begin XCBuildConfiguration section */
		B05D1E5C1A405E230064DC57 /* Debug */ = {
			isa = XCBuildConfiguration;
			buildSettings = {
				ALWAYS_SEARCH_USER_PATHS = NO;
				CLANG_CXX_LANGUAGE_STANDARD = "gnu++0x";
				CLANG_CXX_LIBRARY = "libc++";
				CLANG_ENABLE_MODULES = YES;
				CLANG_ENABLE_OBJC_ARC = YES;
				CLANG_WARN_BOOL_CONVERSION = YES;
				CLANG_WARN_CONSTANT_CONVERSION = YES;
				CLANG_WARN_DIRECT_OBJC_ISA_USAGE = YES_ERROR;
				CLANG_WARN_EMPTY_BODY = YES;
				CLANG_WARN_ENUM_CONVERSION = YES;
				CLANG_WARN_INT_CONVERSION = YES;
				CLANG_WARN_OBJC_ROOT_CLASS = YES_ERROR;
				CLANG_WARN_UNREACHABLE_CODE = YES;
				CLANG_WARN__DUPLICATE_METHOD_MATCH = YES;
				"CODE_SIGN_IDENTITY[sdk=iphoneos*]" = "iPhone Developer";
				COPY_PHASE_STRIP = NO;
				ENABLE_STRICT_OBJC_MSGSEND = YES;
				GCC_C_LANGUAGE_STANDARD = gnu99;
				GCC_DYNAMIC_NO_PIC = NO;
				GCC_OPTIMIZATION_LEVEL = 0;
				GCC_PREPROCESSOR_DEFINITIONS = (
					"DEBUG=1",
					"$(inherited)",
				);
				GCC_SYMBOLS_PRIVATE_EXTERN = NO;
				GCC_WARN_64_TO_32_BIT_CONVERSION = YES;
				GCC_WARN_ABOUT_RETURN_TYPE = YES_ERROR;
				GCC_WARN_UNDECLARED_SELECTOR = YES;
				GCC_WARN_UNINITIALIZED_AUTOS = YES_AGGRESSIVE;
				GCC_WARN_UNUSED_FUNCTION = YES;
				GCC_WARN_UNUSED_VARIABLE = YES;
				IPHONEOS_DEPLOYMENT_TARGET = 8.1;
				MTL_ENABLE_DEBUG_INFO = YES;
				ONLY_ACTIVE_ARCH = YES;
				SDKROOT = iphoneos;
			};
			name = Debug;
		};
		B05D1E5D1A405E230064DC57 /* Release */ = {
			isa = XCBuildConfiguration;
			buildSettings = {
				ALWAYS_SEARCH_USER_PATHS = NO;
				CLANG_CXX_LANGUAGE_STANDARD = "gnu++0x";
				CLANG_CXX_LIBRARY = "libc++";
				CLANG_ENABLE_MODULES = YES;
				CLANG_ENABLE_OBJC_ARC = YES;
				CLANG_WARN_BOOL_CONVERSION = YES;
				CLANG_WARN_CONSTANT_CONVERSION = YES;
				CLANG_WARN_DIRECT_OBJC_ISA_USAGE = YES_ERROR;
				CLANG_WARN_EMPTY_BODY = YES;
				CLANG_WARN_ENUM_CONVERSION = YES;
				CLANG_WARN_INT_CONVERSION = YES;
				CLANG_WARN_OBJC_ROOT_CLASS = YES_ERROR;
				CLANG_WARN_UNREACHABLE_CODE = YES;
				CLANG_WARN__DUPLICATE_METHOD_MATCH = YES;
				"CODE_SIGN_IDENTITY[sdk=iphoneos*]" = "iPhone Developer";
				COPY_PHASE_STRIP = YES;
				ENABLE_NS_ASSERTIONS = NO;
				ENABLE_STRICT_OBJC_MSGSEND = YES;
				GCC_C_LANGUAGE_STANDARD = gnu99;
				GCC_WARN_64_TO_32_BIT_CONVERSION = YES;
				GCC_WARN_ABOUT_RETURN_TYPE = YES_ERROR;
				GCC_WARN_UNDECLARED_SELECTOR = YES;
				GCC_WARN_UNINITIALIZED_AUTOS = YES_AGGRESSIVE;
				GCC_WARN_UNUSED_FUNCTION = YES;
				GCC_WARN_UNUSED_VARIABLE = YES;
				IPHONEOS_DEPLOYMENT_TARGET = 8.1;
				MTL_ENABLE_DEBUG_INFO = NO;
				SDKROOT = iphoneos;
				VALIDATE_PRODUCT = YES;
			};
			name = Release;
		};
		B05D1E5F1A405E230064DC57 /* Debug */ = {
			isa = XCBuildConfiguration;
			baseConfigurationReference = 455AAB89EA7F35291810C96B /* Pods-ProlificBooks.debug.xcconfig */;
			buildSettings = {
				ASSETCATALOG_COMPILER_APPICON_NAME = AppIcon;
				INFOPLIST_FILE = ProlificBooks/Info.plist;
				LD_RUNPATH_SEARCH_PATHS = "$(inherited) @executable_path/Frameworks";
				PRODUCT_NAME = "$(TARGET_NAME)";
			};
			name = Debug;
		};
		B05D1E601A405E230064DC57 /* Release */ = {
			isa = XCBuildConfiguration;
			baseConfigurationReference = 6347477860D207E291D18FCB /* Pods-ProlificBooks.release.xcconfig */;
			buildSettings = {
				ASSETCATALOG_COMPILER_APPICON_NAME = AppIcon;
				INFOPLIST_FILE = ProlificBooks/Info.plist;
				LD_RUNPATH_SEARCH_PATHS = "$(inherited) @executable_path/Frameworks";
				PRODUCT_NAME = "$(TARGET_NAME)";
			};
			name = Release;
		};
		B05D1E621A405E230064DC57 /* Debug */ = {
			isa = XCBuildConfiguration;
			buildSettings = {
				BUNDLE_LOADER = "$(TEST_HOST)";
				FRAMEWORK_SEARCH_PATHS = (
					"$(SDKROOT)/Developer/Library/Frameworks",
					"$(inherited)",
				);
				GCC_PREPROCESSOR_DEFINITIONS = (
					"DEBUG=1",
					"$(inherited)",
				);
				INFOPLIST_FILE = ProlificBooksTests/Info.plist;
				LD_RUNPATH_SEARCH_PATHS = "$(inherited) @executable_path/Frameworks @loader_path/Frameworks";
				PRODUCT_NAME = "$(TARGET_NAME)";
				TEST_HOST = "$(BUILT_PRODUCTS_DIR)/ProlificBooks.app/ProlificBooks";
			};
			name = Debug;
		};
		B05D1E631A405E230064DC57 /* Release */ = {
			isa = XCBuildConfiguration;
			buildSettings = {
				BUNDLE_LOADER = "$(TEST_HOST)";
				FRAMEWORK_SEARCH_PATHS = (
					"$(SDKROOT)/Developer/Library/Frameworks",
					"$(inherited)",
				);
				INFOPLIST_FILE = ProlificBooksTests/Info.plist;
				LD_RUNPATH_SEARCH_PATHS = "$(inherited) @executable_path/Frameworks @loader_path/Frameworks";
				PRODUCT_NAME = "$(TARGET_NAME)";
				TEST_HOST = "$(BUILT_PRODUCTS_DIR)/ProlificBooks.app/ProlificBooks";
			};
			name = Release;
		};
/* End XCBuildConfiguration section */

/* Begin XCConfigurationList section */
		B05D1E361A405E230064DC57 /* Build configuration list for PBXProject "ProlificBooks" */ = {
			isa = XCConfigurationList;
			buildConfigurations = (
				B05D1E5C1A405E230064DC57 /* Debug */,
				B05D1E5D1A405E230064DC57 /* Release */,
			);
			defaultConfigurationIsVisible = 0;
			defaultConfigurationName = Release;
		};
		B05D1E5E1A405E230064DC57 /* Build configuration list for PBXNativeTarget "ProlificBooks" */ = {
			isa = XCConfigurationList;
			buildConfigurations = (
				B05D1E5F1A405E230064DC57 /* Debug */,
				B05D1E601A405E230064DC57 /* Release */,
			);
			defaultConfigurationIsVisible = 0;
			defaultConfigurationName = Release;
		};
		B05D1E611A405E230064DC57 /* Build configuration list for PBXNativeTarget "ProlificBooksTests" */ = {
			isa = XCConfigurationList;
			buildConfigurations = (
				B05D1E621A405E230064DC57 /* Debug */,
				B05D1E631A405E230064DC57 /* Release */,
			);
			defaultConfigurationIsVisible = 0;
			defaultConfigurationName = Release;
		};
/* End XCConfigurationList section */
	};
	rootObject = B05D1E331A405E230064DC57 /* Project object */;
}
